schema: '2.0'
stages:
  data ingestion:
    cmd: python src/mlproject/pipeline/stage_01_data_ingestion.py
    deps:
    - path: config/config.yaml
      hash: md5
      md5: 96c2b6de3a43d4ff969ae58fa91b515b
      size: 927
    outs:
    - path: artifacts/data_ingestion/data.zip
      hash: md5
      md5: 98e14459f9fb131cd9f83ecad4328d5d
      size: 23329
    - path: artifacts/data_ingestion/winequality-red.csv
      hash: md5
      md5: 6a883fd98624e18c0b7ce251f4fab4fb
      size: 100951
  Data Validation:
    cmd: python src/mlproject/pipeline/stage_02_data_validation.py
    deps:
    - path: artifacts/data_ingestion/winequality-red.csv
      hash: md5
      md5: 6a883fd98624e18c0b7ce251f4fab4fb
      size: 100951
    - path: schema.yaml
      hash: md5
      md5: 2a24ac4358ddbb9ee64715625dc82384
      size: 320
    outs:
    - path: artifacts/data_validation/status.txt
      hash: md5
      md5: 86e6a2f694c57a675b3e2da6b95ff9ba
      size: 23
  Data Transformation:
    cmd: python src/mlproject/pipeline/stage_03_data_transformation.py
    deps:
    - path: artifacts/data_ingestion/winequality-red.csv
      hash: md5
      md5: 6a883fd98624e18c0b7ce251f4fab4fb
      size: 100951
    - path: config/config.yaml
      hash: md5
      md5: 96c2b6de3a43d4ff969ae58fa91b515b
      size: 927
    outs:
    - path: artifacts/data_transformation/test.csv
      hash: md5
      md5: 71b9ed57aabe7d1e37fd6cbdeaab4b79
      size: 23417
    - path: artifacts/data_transformation/train.csv
      hash: md5
      md5: b93fbbc9534ee71041b5a9ac85561a72
      size: 70214
  Model Training:
    cmd: python src/mlproject/pipeline/stage_04_model_trainer.py
    deps:
    - path: artifacts/data_transformation/train.csv
      hash: md5
      md5: b93fbbc9534ee71041b5a9ac85561a72
      size: 70214
    - path: config/config.yaml
      hash: md5
      md5: 96c2b6de3a43d4ff969ae58fa91b515b
      size: 927
    - path: params.yaml
      hash: md5
      md5: d771183e3a1d2619a9620c20c8795d40
      size: 42
    - path: schema.yaml
      hash: md5
      md5: 2a24ac4358ddbb9ee64715625dc82384
      size: 320
    outs:
    - path: artifacts/model_trainer/model.joblib
      hash: md5
      md5: e34f96f84074d8ba496c0657a2d5cfea
      size: 1279
  Model Evaluation:
    cmd: python src/mlproject/pipeline/stage_05_model_evaluation.py
    deps:
    - path: artifacts/model_trainer/model.joblib
      hash: md5
      md5: e34f96f84074d8ba496c0657a2d5cfea
      size: 1279
    - path: config/config.yaml
      hash: md5
      md5: 96c2b6de3a43d4ff969ae58fa91b515b
      size: 927
    - path: schema.yaml
      hash: md5
      md5: 2a24ac4358ddbb9ee64715625dc82384
      size: 320
    outs:
    - path: artifacts/model_evaluation/metrics.json
      hash: md5
      md5: cd13b6e603d44db066b2a512e31caa8e
      size: 93
